
Microsoft Visual Studio Solution File, Format Version 12.00
# Visual Studio Version 17
VisualStudioVersion = 17.10.35004.147
MinimumVisualStudioVersion = 10.0.40219.1
Project("{FAE04EC0-301F-11D3-BF4B-00C04F79EFBC}") = "VariaveisAmbiente", "VariaveisAmbiente\VariaveisAmbiente.csproj", "{45A89AFB-6FFD-4E60-BF78-53118B6CD112}"
EndProject
Project("{E53339B2-1760-4266-BCC7-CA923CBCF16C}") = "docker-compose", "docker-compose.dcproj", "{A0910BAE-1F46-4364-9814-57C7F8E893FA}"
EndProject
Project("{2150E333-8FDC-42A3-9474-1A3956D46DE8}") = "Itens de Solução", "Itens de Solução", "{074AF12A-6198-49D1-B575-1EFF32C81B65}"
	ProjectSection(SolutionItems) = preProject
		LICENSE.txt = LICENSE.txt
		README.md = README.md
	EndProjectSection
EndProject
Global
	GlobalSection(SolutionConfigurationPlatforms) = preSolution
		Debug|Any CPU = Debug|Any CPU
		Release|Any CPU = Release|Any CPU
	EndGlobalSection
	GlobalSection(ProjectConfigurationPlatforms) = postSolution
		{45A89AFB-6FFD-4E60-BF78-53118B6CD112}.Debug|Any CPU.ActiveCfg = Debug|Any CPU
		{45A89AFB-6FFD-4E60-BF78-53118B6CD112}.Debug|Any CPU.Build.0 = Debug|Any CPU
		{45A89AFB-6FFD-4E60-BF78-53118B6CD112}.Release|Any CPU.ActiveCfg = Release|Any CPU
		{45A89AFB-6FFD-4E60-BF78-53118B6CD112}.Release|Any CPU.Build.0 = Release|Any CPU
		{A0910BAE-1F46-4364-9814-57C7F8E893FA}.Debug|Any CPU.ActiveCfg = Debug|Any CPU
		{A0910BAE-1F46-4364-9814-57C7F8E893FA}.Debug|Any CPU.Build.0 = Debug|Any CPU
		{A0910BAE-1F46-4364-9814-57C7F8E893FA}.Release|Any CPU.ActiveCfg = Release|Any CPU
		{A0910BAE-1F46-4364-9814-57C7F8E893FA}.Release|Any CPU.Build.0 = Release|Any CPU
	EndGlobalSection
	GlobalSection(SolutionProperties) = preSolution
		HideSolutionNode = FALSE
	EndGlobalSection
	GlobalSection(ExtensibilityGlobals) = postSolution
		SolutionGuid = {F76BE869-FB18-4640-8AC5-9074BC1EAE5B}
	EndGlobalSection
EndGlobal
